
Microsoft Visual Studio Solution File, Format Version 12.00
# Visual Studio Version 17
VisualStudioVersion = 17.11.35327.3
MinimumVisualStudioVersion = 10.0.40219.1
Project("{FAE04EC0-301F-11D3-BF4B-00C04F79EFBC}") = "DSA", "DSA\DSA.csproj", "{1AE916D1-FF33-47D5-A730-BC33842D9810}"
EndProject
Project("{FAE04EC0-301F-11D3-BF4B-00C04F79EFBC}") = "DSATest", "DSATest1\DSATest.csproj", "{94FDBFC6-DF4E-414A-9188-D0FEFEAF18DD}"
EndProject
Global
	GlobalSection(SolutionConfigurationPlatforms) = preSolution
		Debug|Any CPU = Debug|Any CPU
		Release|Any CPU = Release|Any CPU
	EndGlobalSection
	GlobalSection(ProjectConfigurationPlatforms) = postSolution
		{1AE916D1-FF33-47D5-A730-BC33842D9810}.Debug|Any CPU.ActiveCfg = Debug|Any CPU
		{1AE916D1-FF33-47D5-A730-BC33842D9810}.Debug|Any CPU.Build.0 = Debug|Any CPU
		{1AE916D1-FF33-47D5-A730-BC33842D9810}.Release|Any CPU.ActiveCfg = Release|Any CPU
		{1AE916D1-FF33-47D5-A730-BC33842D9810}.Release|Any CPU.Build.0 = Release|Any CPU
		{94FDBFC6-DF4E-414A-9188-D0FEFEAF18DD}.Debug|Any CPU.ActiveCfg = Debug|Any CPU
		{94FDBFC6-DF4E-414A-9188-D0FEFEAF18DD}.Debug|Any CPU.Build.0 = Debug|Any CPU
		{94FDBFC6-DF4E-414A-9188-D0FEFEAF18DD}.Release|Any CPU.ActiveCfg = Release|Any CPU
		{94FDBFC6-DF4E-414A-9188-D0FEFEAF18DD}.Release|Any CPU.Build.0 = Release|Any CPU
	EndGlobalSection
	GlobalSection(SolutionProperties) = preSolution
		HideSolutionNode = FALSE
	EndGlobalSection
	GlobalSection(ExtensibilityGlobals) = postSolution
		SolutionGuid = {91AF1814-A3BA-4D65-A54E-ECE80A1A3D3E}
	EndGlobalSection
EndGlobal
