
Microsoft Visual Studio Solution File, Format Version 12.00
# Visual Studio Version 17
VisualStudioVersion = 17.11.35327.3
MinimumVisualStudioVersion = 10.0.40219.1
Project("{FAE04EC0-301F-11D3-BF4B-00C04F79EFBC}") = "Fundamentals", "Fundamentals\Fundamentals.csproj", "{B66E79AB-09E5-4E22-9B71-3D3EA1D5F1E9}"
EndProject
Project("{FAE04EC0-301F-11D3-BF4B-00C04F79EFBC}") = "FundamentalsTest", "..\FundamentalsTest\FundamentalsTest.csproj", "{A2C170A1-857C-4386-9485-FC0EB0C679A1}"
EndProject
Global
	GlobalSection(SolutionConfigurationPlatforms) = preSolution
		Debug|Any CPU = Debug|Any CPU
		Release|Any CPU = Release|Any CPU
	EndGlobalSection
	GlobalSection(ProjectConfigurationPlatforms) = postSolution
		{B66E79AB-09E5-4E22-9B71-3D3EA1D5F1E9}.Debug|Any CPU.ActiveCfg = Debug|Any CPU
		{B66E79AB-09E5-4E22-9B71-3D3EA1D5F1E9}.Debug|Any CPU.Build.0 = Debug|Any CPU
		{B66E79AB-09E5-4E22-9B71-3D3EA1D5F1E9}.Release|Any CPU.ActiveCfg = Release|Any CPU
		{B66E79AB-09E5-4E22-9B71-3D3EA1D5F1E9}.Release|Any CPU.Build.0 = Release|Any CPU
		{A2C170A1-857C-4386-9485-FC0EB0C679A1}.Debug|Any CPU.ActiveCfg = Debug|Any CPU
		{A2C170A1-857C-4386-9485-FC0EB0C679A1}.Debug|Any CPU.Build.0 = Debug|Any CPU
		{A2C170A1-857C-4386-9485-FC0EB0C679A1}.Release|Any CPU.ActiveCfg = Release|Any CPU
		{A2C170A1-857C-4386-9485-FC0EB0C679A1}.Release|Any CPU.Build.0 = Release|Any CPU
	EndGlobalSection
	GlobalSection(SolutionProperties) = preSolution
		HideSolutionNode = FALSE
	EndGlobalSection
	GlobalSection(ExtensibilityGlobals) = postSolution
		SolutionGuid = {05CBC4C3-107E-44D9-948C-84043EBFEC73}
	EndGlobalSection
EndGlobal
